
Microsoft Visual Studio Solution File, Format Version 12.00
# Visual Studio Version 16
VisualStudioVersion = 16.0.30717.126
MinimumVisualStudioVersion = 10.0.40219.1
Project("{FAE04EC0-301F-11D3-BF4B-00C04F79EFBC}") = "TestLib", "TestLib\TestLib.csproj", "{1B3B9FEC-B104-461D-A211-D73C1C021DF0}"
EndProject
Global
	GlobalSection(SolutionConfigurationPlatforms) = preSolution
		Debug|Any CPU = Debug|Any CPU
		Release|Any CPU = Release|Any CPU
	EndGlobalSection
	GlobalSection(ProjectConfigurationPlatforms) = postSolution
		{1B3B9FEC-B104-461D-A211-D73C1C021DF0}.Debug|Any CPU.ActiveCfg = Debug|Any CPU
		{1B3B9FEC-B104-461D-A211-D73C1C021DF0}.Debug|Any CPU.Build.0 = Debug|Any CPU
		{1B3B9FEC-B104-461D-A211-D73C1C021DF0}.Release|Any CPU.ActiveCfg = Release|Any CPU
		{1B3B9FEC-B104-461D-A211-D73C1C021DF0}.Release|Any CPU.Build.0 = Release|Any CPU
	EndGlobalSection
	GlobalSection(SolutionProperties) = preSolution
		HideSolutionNode = FALSE
	EndGlobalSection
	GlobalSection(ExtensibilityGlobals) = postSolution
		SolutionGuid = {B01C62C2-6EF1-458B-B30E-AC7E0F23D6B3}
	EndGlobalSection
EndGlobal
